
Microsoft Visual Studio Solution File, Format Version 12.00
# Visual Studio Version 17
VisualStudioVersion = 17.5.33627.172
MinimumVisualStudioVersion = 10.0.40219.1
Project("{FAE04EC0-301F-11D3-BF4B-00C04F79EFBC}") = "ClassLibraryTestovyiBilet", "ClassLibraryTestovyiBilet\ClassLibraryTestovyiBilet.csproj", "{B8343E5F-8440-4F60-AED3-664B2FD259A8}"
EndProject
Project("{FAE04EC0-301F-11D3-BF4B-00C04F79EFBC}") = "UnitTestProject1", "UnitTestProject1\UnitTestProject1.csproj", "{84ABD985-C1E3-4375-A24D-5CCFED8175BE}"
EndProject
Global
	GlobalSection(SolutionConfigurationPlatforms) = preSolution
		Debug|Any CPU = Debug|Any CPU
		Release|Any CPU = Release|Any CPU
	EndGlobalSection
	GlobalSection(ProjectConfigurationPlatforms) = postSolution
		{B8343E5F-8440-4F60-AED3-664B2FD259A8}.Debug|Any CPU.ActiveCfg = Debug|Any CPU
		{B8343E5F-8440-4F60-AED3-664B2FD259A8}.Debug|Any CPU.Build.0 = Debug|Any CPU
		{B8343E5F-8440-4F60-AED3-664B2FD259A8}.Release|Any CPU.ActiveCfg = Release|Any CPU
		{B8343E5F-8440-4F60-AED3-664B2FD259A8}.Release|Any CPU.Build.0 = Release|Any CPU
		{84ABD985-C1E3-4375-A24D-5CCFED8175BE}.Debug|Any CPU.ActiveCfg = Debug|Any CPU
		{84ABD985-C1E3-4375-A24D-5CCFED8175BE}.Debug|Any CPU.Build.0 = Debug|Any CPU
		{84ABD985-C1E3-4375-A24D-5CCFED8175BE}.Release|Any CPU.ActiveCfg = Release|Any CPU
		{84ABD985-C1E3-4375-A24D-5CCFED8175BE}.Release|Any CPU.Build.0 = Release|Any CPU
	EndGlobalSection
	GlobalSection(SolutionProperties) = preSolution
		HideSolutionNode = FALSE
	EndGlobalSection
	GlobalSection(ExtensibilityGlobals) = postSolution
		SolutionGuid = {EB3643BE-7942-4E7E-B284-B3BAF3F2C08D}
	EndGlobalSection
EndGlobal
